
Microsoft Visual Studio Solution File, Format Version 12.00
# Visual Studio 15
VisualStudioVersion = 15.0.27130.2010
MinimumVisualStudioVersion = 10.0.40219.1
Project("{FAE04EC0-301F-11D3-BF4B-00C04F79EFBC}") = "FrameWorkExcelTool", "FrameWorkExcelTool\FrameWorkExcelTool.csproj", "{357FF2F2-2365-4F09-82D4-CCF0D85C975A}"
EndProject
Global
	GlobalSection(SolutionConfigurationPlatforms) = preSolution
		Debug|Any CPU = Debug|Any CPU
		Release|Any CPU = Release|Any CPU
	EndGlobalSection
	GlobalSection(ProjectConfigurationPlatforms) = postSolution
		{357FF2F2-2365-4F09-82D4-CCF0D85C975A}.Debug|Any CPU.ActiveCfg = Debug|Any CPU
		{357FF2F2-2365-4F09-82D4-CCF0D85C975A}.Debug|Any CPU.Build.0 = Debug|Any CPU
		{357FF2F2-2365-4F09-82D4-CCF0D85C975A}.Release|Any CPU.ActiveCfg = Release|Any CPU
		{357FF2F2-2365-4F09-82D4-CCF0D85C975A}.Release|Any CPU.Build.0 = Release|Any CPU
	EndGlobalSection
	GlobalSection(SolutionProperties) = preSolution
		HideSolutionNode = FALSE
	EndGlobalSection
	GlobalSection(ExtensibilityGlobals) = postSolution
		SolutionGuid = {602B395B-EFCA-4D42-B7A3-01937112600B}
	EndGlobalSection
EndGlobal
